
Microsoft Visual Studio Solution File, Format Version 12.00
# Visual Studio Version 17
VisualStudioVersion = 17.6.33829.357
MinimumVisualStudioVersion = 10.0.40219.1
Project("{FAE04EC0-301F-11D3-BF4B-00C04F79EFBC}") = "8Ball", "8Ball\8Ball.csproj", "{FDF13997-DE90-49E5-8428-4597354D3977}"
EndProject
Global
	GlobalSection(SolutionConfigurationPlatforms) = preSolution
		Debug|Any CPU = Debug|Any CPU
		Release|Any CPU = Release|Any CPU
	EndGlobalSection
	GlobalSection(ProjectConfigurationPlatforms) = postSolution
		{FDF13997-DE90-49E5-8428-4597354D3977}.Debug|Any CPU.ActiveCfg = Debug|Any CPU
		{FDF13997-DE90-49E5-8428-4597354D3977}.Debug|Any CPU.Build.0 = Debug|Any CPU
		{FDF13997-DE90-49E5-8428-4597354D3977}.Release|Any CPU.ActiveCfg = Release|Any CPU
		{FDF13997-DE90-49E5-8428-4597354D3977}.Release|Any CPU.Build.0 = Release|Any CPU
	EndGlobalSection
	GlobalSection(SolutionProperties) = preSolution
		HideSolutionNode = FALSE
	EndGlobalSection
	GlobalSection(ExtensibilityGlobals) = postSolution
		SolutionGuid = {662F6FE6-DFD4-48D3-B250-939B9AEAB479}
	EndGlobalSection
EndGlobal
